Microsoft Visual Studio Solution File, Format Version 9.00
# Visual Studio 2005
Project("{FAE04EC0-301F-11D3-BF4B-00C04F79EFBC}") = "WindowsApplication1", "WindowsApplication1\WindowsApplication1.csproj", "{10572347-5435-4430-A576-196DBA27D3FB}"
	ProjectSection(WebsiteProperties) = preProject
		Debug.AspNetCompiler.Debug = "True"
		Release.AspNetCompiler.Debug = "False"
	EndProjectSection
EndProject
Global
	GlobalSection(SolutionConfigurationPlatforms) = preSolution
		Debug|Any CPU = Debug|Any CPU
		Release|Any CPU = Release|Any CPU
	EndGlobalSection
	GlobalSection(ProjectConfigurationPlatforms) = postSolution
		{10572347-5435-4430-A576-196DBA27D3FB}.Debug|Any CPU.ActiveCfg = Debug|Any CPU
		{10572347-5435-4430-A576-196DBA27D3FB}.Debug|Any CPU.Build.0 = Debug|Any CPU
		{10572347-5435-4430-A576-196DBA27D3FB}.Release|Any CPU.ActiveCfg = Release|Any CPU
		{10572347-5435-4430-A576-196DBA27D3FB}.Release|Any CPU.Build.0 = Release|Any CPU
	EndGlobalSection
	GlobalSection(SolutionProperties) = preSolution
		HideSolutionNode = FALSE
	EndGlobalSection
EndGlobal
